
Microsoft Visual Studio Solution File, Format Version 12.00
# Visual Studio Version 16
VisualStudioVersion = 16.0.29509.3
MinimumVisualStudioVersion = 10.0.40219.1
Project("{FAE04EC0-301F-11D3-BF4B-00C04F79EFBC}") = "StarTrek", "StarTrek\StarTrek.csproj", "{080432AA-775E-4E6F-B977-F77BDB477A1C}"
EndProject
Project("{FAE04EC0-301F-11D3-BF4B-00C04F79EFBC}") = "NameGenTest", "NameGenTest\NameGenTest.csproj", "{4551B4BC-923B-4122-80A7-A55B61600152}"
EndProject
Global
	GlobalSection(SolutionConfigurationPlatforms) = preSolution
		Debug|Any CPU = Debug|Any CPU
		Release|Any CPU = Release|Any CPU
	EndGlobalSection
	GlobalSection(ProjectConfigurationPlatforms) = postSolution
		{080432AA-775E-4E6F-B977-F77BDB477A1C}.Debug|Any CPU.ActiveCfg = Debug|Any CPU
		{080432AA-775E-4E6F-B977-F77BDB477A1C}.Debug|Any CPU.Build.0 = Debug|Any CPU
		{080432AA-775E-4E6F-B977-F77BDB477A1C}.Release|Any CPU.ActiveCfg = Release|Any CPU
		{080432AA-775E-4E6F-B977-F77BDB477A1C}.Release|Any CPU.Build.0 = Release|Any CPU
		{4551B4BC-923B-4122-80A7-A55B61600152}.Debug|Any CPU.ActiveCfg = Debug|Any CPU
		{4551B4BC-923B-4122-80A7-A55B61600152}.Debug|Any CPU.Build.0 = Debug|Any CPU
		{4551B4BC-923B-4122-80A7-A55B61600152}.Release|Any CPU.ActiveCfg = Release|Any CPU
		{4551B4BC-923B-4122-80A7-A55B61600152}.Release|Any CPU.Build.0 = Release|Any CPU
	EndGlobalSection
	GlobalSection(SolutionProperties) = preSolution
		HideSolutionNode = FALSE
	EndGlobalSection
	GlobalSection(ExtensibilityGlobals) = postSolution
		SolutionGuid = {39D0152B-FB81-41B5-B3FB-DF238B51F836}
	EndGlobalSection
EndGlobal
